{
  "version": 4,
  "terraform_version": "1.5.2",
  "serial": 4,
  "lineage": "2b68b7df-0fc0-1bd0-7f02-c6d8857fe963",
  "outputs": {},
  "resources": [
    {
      "mode": "managed",
      "type": "aws_vpc",
      "name": "task1",
      "provider": "provider[\"registry.terraform.io/hashicorp/aws\"]",
      "instances": [
        {
          "schema_version": 1,
          "attributes": {
            "arn": "arn:aws:ec2:us-east-1:181567667630:vpc/vpc-06a8cf4c90ca7d197",
            "assign_generated_ipv6_cidr_block": false,
            "cidr_block": "10.0.0.0/16",
            "default_network_acl_id": "acl-05f449e4b76dbb407",
            "default_route_table_id": "rtb-0eaf903b5546a931b",
            "default_security_group_id": "sg-01b08fd53e9751d9a",
            "dhcp_options_id": "dopt-0addbcad2c22ff051",
            "enable_dns_hostnames": false,
            "enable_dns_support": true,
            "enable_network_address_usage_metrics": false,
            "id": "vpc-06a8cf4c90ca7d197",
            "instance_tenancy": "default",
            "ipv4_ipam_pool_id": null,
            "ipv4_netmask_length": null,
            "ipv6_association_id": "",
            "ipv6_cidr_block": "",
            "ipv6_cidr_block_network_border_group": "",
            "ipv6_ipam_pool_id": "",
            "ipv6_netmask_length": 0,
            "main_route_table_id": "rtb-0eaf903b5546a931b",
            "owner_id": "181567667630",
            "tags": null,
            "tags_all": {}
          },
          "sensitive_attributes": [],
          "private": "eyJzY2hlbWFfdmVyc2lvbiI6IjEifQ=="
        }
      ]
    }
  ],
  "check_results": null
}
